// !$*UTF8*$!
{
	archiveVersion = 1;
	classes = {
	};
	objectVersion = 56;
	objects = {

/* Begin PBXBuildFile section */
		223CDD792912FE010099C9B0 /* ReminderCell.swift in Sources */ = {isa = PBXBuildFile; fileRef = 223CDD782912FE010099C9B0 /* ReminderCell.swift */; };
		2261576B290F9CAC0017EC5F /* PresentationController.swift in Sources */ = {isa = PBXBuildFile; fileRef = 2261576A290F9CAC0017EC5F /* PresentationController.swift */; };
		2261576D290F9CE90017EC5F /* SetReminderView.swift in Sources */ = {isa = PBXBuildFile; fileRef = 2261576C290F9CE90017EC5F /* SetReminderView.swift */; };
		22D134F4290B45C400F05905 /* AppDelegate.swift in Sources */ = {isa = PBXBuildFile; fileRef = 22D134F3290B45C400F05905 /* AppDelegate.swift */; };
		22D134F6290B45C400F05905 /* SceneDelegate.swift in Sources */ = {isa = PBXBuildFile; fileRef = 22D134F5290B45C400F05905 /* SceneDelegate.swift */; };
		22D134F8290B45C400F05905 /* ViewController.swift in Sources */ = {isa = PBXBuildFile; fileRef = 22D134F7290B45C400F05905 /* ViewController.swift */; };
		22D134FE290B45C400F05905 /* Reminder.xcdatamodeld in Sources */ = {isa = PBXBuildFile; fileRef = 22D134FC290B45C400F05905 /* Reminder.xcdatamodeld */; };
		22D13500290B45C500F05905 /* Assets.xcassets in Resources */ = {isa = PBXBuildFile; fileRef = 22D134FF290B45C500F05905 /* Assets.xcassets */; };
		22D13503290B45C500F05905 /* LaunchScreen.storyboard in Resources */ = {isa = PBXBuildFile; fileRef = 22D13501290B45C500F05905 /* LaunchScreen.storyboard */; };
		22D1350E290B45C500F05905 /* ReminderTests.swift in Sources */ = {isa = PBXBuildFile; fileRef = 22D1350D290B45C500F05905 /* ReminderTests.swift */; };
		22D13518290B45C500F05905 /* ReminderUITests.swift in Sources */ = {isa = PBXBuildFile; fileRef = 22D13517290B45C500F05905 /* ReminderUITests.swift */; };
		22D1351A290B45C500F05905 /* ReminderUITestsLaunchTests.swift in Sources */ = {isa = PBXBuildFile; fileRef = 22D13519290B45C500F05905 /* ReminderUITestsLaunchTests.swift */; };
		22D5F30E2911C52D00061FE7 /* LocalNotificationsModel.swift in Sources */ = {isa = PBXBuildFile; fileRef = 22D5F30D2911C52D00061FE7 /* LocalNotificationsModel.swift */; };
		22D5F3102911C57C00061FE7 /* LocalNotificationsService.swift in Sources */ = {isa = PBXBuildFile; fileRef = 22D5F30F2911C57C00061FE7 /* LocalNotificationsService.swift */; };
/* End PBXBuildFile section */

/* Begin PBXContainerItemProxy section */
		22D1350A290B45C500F05905 /* PBXContainerItemProxy */ = {
			isa = PBXContainerItemProxy;
			containerPortal = 22D134E8290B45C400F05905 /* Project object */;
			proxyType = 1;
			remoteGlobalIDString = 22D134EF290B45C400F05905;
			remoteInfo = Reminder;
		};
		22D13514290B45C500F05905 /* PBXContainerItemProxy */ = {
			isa = PBXContainerItemProxy;
			containerPortal = 22D134E8290B45C400F05905 /* Project object */;
			proxyType = 1;
			remoteGlobalIDString = 22D134EF290B45C400F05905;
			remoteInfo = Reminder;
		};
/* End PBXContainerItemProxy section */

/* Begin PBXFileReference section */
		223CDD782912FE010099C9B0 /* ReminderCell.swift */ = {isa = PBXFileReference; lastKnownFileType = sourcecode.swift; path = ReminderCell.swift; sourceTree = "<group>"; };
		2261576A290F9CAC0017EC5F /* PresentationController.swift */ = {isa = PBXFileReference; lastKnownFileType = sourcecode.swift; path = PresentationController.swift; sourceTree = "<group>"; };
		2261576C290F9CE90017EC5F /* SetReminderView.swift */ = {isa = PBXFileReference; lastKnownFileType = sourcecode.swift; path = SetReminderView.swift; sourceTree = "<group>"; };
		22D134F0290B45C400F05905 /* Reminder.app */ = {isa = PBXFileReference; explicitFileType = wrapper.application; includeInIndex = 0; path = Reminder.app; sourceTree = BUILT_PRODUCTS_DIR; };
		22D134F3290B45C400F05905 /* AppDelegate.swift */ = {isa = PBXFileReference; lastKnownFileType = sourcecode.swift; path = AppDelegate.swift; sourceTree = "<group>"; };
		22D134F5290B45C400F05905 /* SceneDelegate.swift */ = {isa = PBXFileReference; lastKnownFileType = sourcecode.swift; path = SceneDelegate.swift; sourceTree = "<group>"; };
		22D134F7290B45C400F05905 /* ViewController.swift */ = {isa = PBXFileReference; lastKnownFileType = sourcecode.swift; path = ViewController.swift; sourceTree = "<group>"; };
		22D134FD290B45C400F05905 /* Reminder.xcdatamodel */ = {isa = PBXFileReference; lastKnownFileType = wrapper.xcdatamodel; path = Reminder.xcdatamodel; sourceTree = "<group>"; };
		22D134FF290B45C500F05905 /* Assets.xcassets */ = {isa = PBXFileReference; lastKnownFileType = folder.assetcatalog; path = Assets.xcassets; sourceTree = "<group>"; };
		22D13502290B45C500F05905 /* Base */ = {isa = PBXFileReference; lastKnownFileType = file.storyboard; name = Base; path = Base.lproj/LaunchScreen.storyboard; sourceTree = "<group>"; };
		22D13504290B45C500F05905 /* Info.plist */ = {isa = PBXFileReference; lastKnownFileType = text.plist.xml; path = Info.plist; sourceTree = "<group>"; };
		22D13509290B45C500F05905 /* ReminderTests.xctest */ = {isa = PBXFileReference; explicitFileType = wrapper.cfbundle; includeInIndex = 0; path = ReminderTests.xctest; sourceTree = BUILT_PRODUCTS_DIR; };
		22D1350D290B45C500F05905 /* ReminderTests.swift */ = {isa = PBXFileReference; lastKnownFileType = sourcecode.swift; path = ReminderTests.swift; sourceTree = "<group>"; };
		22D13513290B45C500F05905 /* ReminderUITests.xctest */ = {isa = PBXFileReference; explicitFileType = wrapper.cfbundle; includeInIndex = 0; path = ReminderUITests.xctest; sourceTree = BUILT_PRODUCTS_DIR; };
		22D13517290B45C500F05905 /* ReminderUITests.swift */ = {isa = PBXFileReference; lastKnownFileType = sourcecode.swift; path = ReminderUITests.swift; sourceTree = "<group>"; };
		22D13519290B45C500F05905 /* ReminderUITestsLaunchTests.swift */ = {isa = PBXFileReference; lastKnownFileType = sourcecode.swift; path = ReminderUITestsLaunchTests.swift; sourceTree = "<group>"; };
		22D13526290B466100F05905 /* Reminder.entitlements */ = {isa = PBXFileReference; lastKnownFileType = text.plist.entitlements; path = Reminder.entitlements; sourceTree = "<group>"; };
		22D5F30D2911C52D00061FE7 /* LocalNotificationsModel.swift */ = {isa = PBXFileReference; lastKnownFileType = sourcecode.swift; path = LocalNotificationsModel.swift; sourceTree = "<group>"; };
		22D5F30F2911C57C00061FE7 /* LocalNotificationsService.swift */ = {isa = PBXFileReference; lastKnownFileType = sourcecode.swift; path = LocalNotificationsService.swift; sourceTree = "<group>"; };
/* End PBXFileReference section */

/* Begin PBXFrameworksBuildPhase section */
		22D134ED290B45C400F05905 /* Frameworks */ = {
			isa = PBXFrameworksBuildPhase;
			buildActionMask = 2147483647;
			files = (
			);
			runOnlyForDeploymentPostprocessing = 0;
		};
		22D13506290B45C500F05905 /* Frameworks */ = {
			isa = PBXFrameworksBuildPhase;
			buildActionMask = 2147483647;
			files = (
			);
			runOnlyForDeploymentPostprocessing = 0;
		};
		22D13510290B45C500F05905 /* Frameworks */ = {
			isa = PBXFrameworksBuildPhase;
			buildActionMask = 2147483647;
			files = (
			);
			runOnlyForDeploymentPostprocessing = 0;
		};
/* End PBXFrameworksBuildPhase section */

/* Begin PBXGroup section */
		22D134E7290B45C400F05905 = {
			isa = PBXGroup;
			children = (
				22D134F2290B45C400F05905 /* Reminder */,
				22D1350C290B45C500F05905 /* ReminderTests */,
				22D13516290B45C500F05905 /* ReminderUITests */,
				22D134F1290B45C400F05905 /* Products */,
			);
			sourceTree = "<group>";
		};
		22D134F1290B45C400F05905 /* Products */ = {
			isa = PBXGroup;
			children = (
				22D134F0290B45C400F05905 /* Reminder.app */,
				22D13509290B45C500F05905 /* ReminderTests.xctest */,
				22D13513290B45C500F05905 /* ReminderUITests.xctest */,
			);
			name = Products;
			sourceTree = "<group>";
		};
		22D134F2290B45C400F05905 /* Reminder */ = {
			isa = PBXGroup;
			children = (
				22D13526290B466100F05905 /* Reminder.entitlements */,
				22D134F3290B45C400F05905 /* AppDelegate.swift */,
				22D134F5290B45C400F05905 /* SceneDelegate.swift */,
				22D134F7290B45C400F05905 /* ViewController.swift */,
				223CDD782912FE010099C9B0 /* ReminderCell.swift */,
				2261576C290F9CE90017EC5F /* SetReminderView.swift */,
				22D5F30D2911C52D00061FE7 /* LocalNotificationsModel.swift */,
				22D5F30F2911C57C00061FE7 /* LocalNotificationsService.swift */,
				2261576A290F9CAC0017EC5F /* PresentationController.swift */,
				22D134FF290B45C500F05905 /* Assets.xcassets */,
				22D13501290B45C500F05905 /* LaunchScreen.storyboard */,
				22D13504290B45C500F05905 /* Info.plist */,
				22D134FC290B45C400F05905 /* Reminder.xcdatamodeld */,
			);
			path = Reminder;
			sourceTree = "<group>";
		};
		22D1350C290B45C500F05905 /* ReminderTests */ = {
			isa = PBXGroup;
			children = (
				22D1350D290B45C500F05905 /* ReminderTests.swift */,
			);
			path = ReminderTests;
			sourceTree = "<group>";
		};
		22D13516290B45C500F05905 /* ReminderUITests */ = {
			isa = PBXGroup;
			children = (
				22D13517290B45C500F05905 /* ReminderUITests.swift */,
				22D13519290B45C500F05905 /* ReminderUITestsLaunchTests.swift */,
			);
			path = ReminderUITests;
			sourceTree = "<group>";
		};
/* End PBXGroup section */

/* Begin PBXNativeTarget section */
		22D134EF290B45C400F05905 /* Reminder */ = {
			isa = PBXNativeTarget;
			buildConfigurationList = 22D1351D290B45C500F05905 /* Build configuration list for PBXNativeTarget "Reminder" */;
			buildPhases = (
				22D134EC290B45C400F05905 /* Sources */,
				22D134ED290B45C400F05905 /* Frameworks */,
				22D134EE290B45C400F05905 /* Resources */,
			);
			buildRules = (
			);
			dependencies = (
			);
			name = Reminder;
			productName = Reminder;
			productReference = 22D134F0290B45C400F05905 /* Reminder.app */;
			productType = "com.apple.product-type.application";
		};
		22D13508290B45C500F05905 /* ReminderTests */ = {
			isa = PBXNativeTarget;
			buildConfigurationList = 22D13520290B45C500F05905 /* Build configuration list for PBXNativeTarget "ReminderTests" */;
			buildPhases = (
				22D13505290B45C500F05905 /* Sources */,
				22D13506290B45C500F05905 /* Frameworks */,
				22D13507290B45C500F05905 /* Resources */,
			);
			buildRules = (
			);
			dependencies = (
				22D1350B290B45C500F05905 /* PBXTargetDependency */,
			);
			name = ReminderTests;
			productName = ReminderTests;
			productReference = 22D13509290B45C500F05905 /* ReminderTests.xctest */;
			productType = "com.apple.product-type.bundle.unit-test";
		};
		22D13512290B45C500F05905 /* ReminderUITests */ = {
			isa = PBXNativeTarget;
			buildConfigurationList = 22D13523290B45C500F05905 /* Build configuration list for PBXNativeTarget "ReminderUITests" */;
			buildPhases = (
				22D1350F290B45C500F05905 /* Sources */,
				22D13510290B45C500F05905 /* Frameworks */,
				22D13511290B45C500F05905 /* Resources */,
			);
			buildRules = (
			);
			dependencies = (
				22D13515290B45C500F05905 /* PBXTargetDependency */,
			);
			name = ReminderUITests;
			productName = ReminderUITests;
			productReference = 22D13513290B45C500F05905 /* ReminderUITests.xctest */;
			productType = "com.apple.product-type.bundle.ui-testing";
		};
/* End PBXNativeTarget section */

/* Begin PBXProject section */
		22D134E8290B45C400F05905 /* Project object */ = {
			isa = PBXProject;
			attributes = {
				BuildIndependentTargetsInParallel = 1;
				LastSwiftUpdateCheck = 1400;
				LastUpgradeCheck = 1400;
				TargetAttributes = {
					22D134EF290B45C400F05905 = {
						CreatedOnToolsVersion = 14.0.1;
					};
					22D13508290B45C500F05905 = {
						CreatedOnToolsVersion = 14.0.1;
						TestTargetID = 22D134EF290B45C400F05905;
					};
					22D13512290B45C500F05905 = {
						CreatedOnToolsVersion = 14.0.1;
						TestTargetID = 22D134EF290B45C400F05905;
					};
				};
			};
			buildConfigurationList = 22D134EB290B45C400F05905 /* Build configuration list for PBXProject "Reminder" */;
			compatibilityVersion = "Xcode 14.0";
			developmentRegion = en;
			hasScannedForEncodings = 0;
			knownRegions = (
				en,
				Base,
			);
			mainGroup = 22D134E7290B45C400F05905;
			productRefGroup = 22D134F1290B45C400F05905 /* Products */;
			projectDirPath = "";
			projectRoot = "";
			targets = (
				22D134EF290B45C400F05905 /* Reminder */,
				22D13508290B45C500F05905 /* ReminderTests */,
				22D13512290B45C500F05905 /* ReminderUITests */,
			);
		};
/* End PBXProject section */

/* Begin PBXResourcesBuildPhase section */
		22D134EE290B45C400F05905 /* Resources */ = {
			isa = PBXResourcesBuildPhase;
			buildActionMask = 2147483647;
			files = (
				22D13503290B45C500F05905 /* LaunchScreen.storyboard in Resources */,
				22D13500290B45C500F05905 /* Assets.xcassets in Resources */,
			);
			runOnlyForDeploymentPostprocessing = 0;
		};
		22D13507290B45C500F05905 /* Resources */ = {
			isa = PBXResourcesBuildPhase;
			buildActionMask = 2147483647;
			files = (
			);
			runOnlyForDeploymentPostprocessing = 0;
		};
		22D13511290B45C500F05905 /* Resources */ = {
			isa = PBXResourcesBuildPhase;
			buildActionMask = 2147483647;
			files = (
			);
			runOnlyForDeploymentPostprocessing = 0;
		};
/* End PBXResourcesBuildPhase section */

/* Begin PBXSourcesBuildPhase section */
		22D134EC290B45C400F05905 /* Sources */ = {
			isa = PBXSourcesBuildPhase;
			buildActionMask = 2147483647;
			files = (
				22D134F8290B45C400F05905 /* ViewController.swift in Sources */,
				2261576D290F9CE90017EC5F /* SetReminderView.swift in Sources */,
				22D134F4290B45C400F05905 /* AppDelegate.swift in Sources */,
				22D134F6290B45C400F05905 /* SceneDelegate.swift in Sources */,
				223CDD792912FE010099C9B0 /* ReminderCell.swift in Sources */,
				22D134FE290B45C400F05905 /* Reminder.xcdatamodeld in Sources */,
				22D5F30E2911C52D00061FE7 /* LocalNotificationsModel.swift in Sources */,
				22D5F3102911C57C00061FE7 /* LocalNotificationsService.swift in Sources */,
				2261576B290F9CAC0017EC5F /* PresentationController.swift in Sources */,
			);
			runOnlyForDeploymentPostprocessing = 0;
		};
		22D13505290B45C500F05905 /* Sources */ = {
			isa = PBXSourcesBuildPhase;
			buildActionMask = 2147483647;
			files = (
				22D1350E290B45C500F05905 /* ReminderTests.swift in Sources */,
			);
			runOnlyForDeploymentPostprocessing = 0;
		};
		22D1350F290B45C500F05905 /* Sources */ = {
			isa = PBXSourcesBuildPhase;
			buildActionMask = 2147483647;
			files = (
				22D1351A290B45C500F05905 /* ReminderUITestsLaunchTests.swift in Sources */,
				22D13518290B45C500F05905 /* ReminderUITests.swift in Sources */,
			);
			runOnlyForDeploymentPostprocessing = 0;
		};
/* End PBXSourcesBuildPhase section */

/* Begin PBXTargetDependency section */
		22D1350B290B45C500F05905 /* PBXTargetDependency */ = {
			isa = PBXTargetDependency;
			target = 22D134EF290B45C400F05905 /* Reminder */;
			targetProxy = 22D1350A290B45C500F05905 /* PBXContainerItemProxy */;
		};
		22D13515290B45C500F05905 /* PBXTargetDependency */ = {
			isa = PBXTargetDependency;
			target = 22D134EF290B45C400F05905 /* Reminder */;
			targetProxy = 22D13514290B45C500F05905 /* PBXContainerItemProxy */;
		};
/* End PBXTargetDependency section */

/* Begin PBXVariantGroup section */
		22D13501290B45C500F05905 /* LaunchScreen.storyboard */ = {
			isa = PBXVariantGroup;
			children = (
				22D13502290B45C500F05905 /* Base */,
			);
			name = LaunchScreen.storyboard;
			sourceTree = "<group>";
		};
/* End PBXVariantGroup section */

/* Begin XCBuildConfiguration section */
		22D1351B290B45C500F05905 /* Debug */ = {
			isa = XCBuildConfiguration;
			buildSettings = {
				ALWAYS_SEARCH_USER_PATHS = NO;
				CLANG_ANALYZER_NONNULL = YES;
				CLANG_ANALYZER_NUMBER_OBJECT_CONVERSION = YES_AGGRESSIVE;
				CLANG_CXX_LANGUAGE_STANDARD = "gnu++20";
				CLANG_ENABLE_MODULES = YES;
				CLANG_ENABLE_OBJC_ARC = YES;
				CLANG_ENABLE_OBJC_WEAK = YES;
				CLANG_WARN_BLOCK_CAPTURE_AUTORELEASING = YES;
				CLANG_WARN_BOOL_CONVERSION = YES;
				CLANG_WARN_COMMA = YES;
				CLANG_WARN_CONSTANT_CONVERSION = YES;
				CLANG_WARN_DEPRECATED_OBJC_IMPLEMENTATIONS = YES;
				CLANG_WARN_DIRECT_OBJC_ISA_USAGE = YES_ERROR;
				CLANG_WARN_DOCUMENTATION_COMMENTS = YES;
				CLANG_WARN_EMPTY_BODY = YES;
				CLANG_WARN_ENUM_CONVERSION = YES;
				CLANG_WARN_INFINITE_RECURSION = YES;
				CLANG_WARN_INT_CONVERSION = YES;
				CLANG_WARN_NON_LITERAL_NULL_CONVERSION = YES;
				CLANG_WARN_OBJC_IMPLICIT_RETAIN_SELF = YES;
				CLANG_WARN_OBJC_LITERAL_CONVERSION = YES;
				CLANG_WARN_OBJC_ROOT_CLASS = YES_ERROR;
				CLANG_WARN_QUOTED_INCLUDE_IN_FRAMEWORK_HEADER = YES;
				CLANG_WARN_RANGE_LOOP_ANALYSIS = YES;
				CLANG_WARN_STRICT_PROTOTYPES = YES;
				CLANG_WARN_SUSPICIOUS_MOVE = YES;
				CLANG_WARN_UNGUARDED_AVAILABILITY = YES_AGGRESSIVE;
				CLANG_WARN_UNREACHABLE_CODE = YES;
				CLANG_WARN__DUPLICATE_METHOD_MATCH = YES;
				COPY_PHASE_STRIP = NO;
				DEBUG_INFORMATION_FORMAT = dwarf;
				ENABLE_STRICT_OBJC_MSGSEND = YES;
				ENABLE_TESTABILITY = YES;
				GCC_C_LANGUAGE_STANDARD = gnu11;
				GCC_DYNAMIC_NO_PIC = NO;
				GCC_NO_COMMON_BLOCKS = YES;
				GCC_OPTIMIZATION_LEVEL = 0;
				GCC_PREPROCESSOR_DEFINITIONS = (
					"DEBUG=1",
					"$(inherited)",
				);
				GCC_WARN_64_TO_32_BIT_CONVERSION = YES;
				GCC_WARN_ABOUT_RETURN_TYPE = YES_ERROR;
				GCC_WARN_UNDECLARED_SELECTOR = YES;
				GCC_WARN_UNINITIALIZED_AUTOS = YES_AGGRESSIVE;
				GCC_WARN_UNUSED_FUNCTION = YES;
				GCC_WARN_UNUSED_VARIABLE = YES;
				IPHONEOS_DEPLOYMENT_TARGET = 16.0;
				MTL_ENABLE_DEBUG_INFO = INCLUDE_SOURCE;
				MTL_FAST_MATH = YES;
				ONLY_ACTIVE_ARCH = YES;
				SDKROOT = iphoneos;
				SWIFT_ACTIVE_COMPILATION_CONDITIONS = DEBUG;
				SWIFT_OPTIMIZATION_LEVEL = "-Onone";
			};
			name = Debug;
		};
		22D1351C290B45C500F05905 /* Release */ = {
			isa = XCBuildConfiguration;
			buildSettings = {
				ALWAYS_SEARCH_USER_PATHS = NO;
				CLANG_ANALYZER_NONNULL = YES;
				CLANG_ANALYZER_NUMBER_OBJECT_CONVERSION = YES_AGGRESSIVE;
				CLANG_CXX_LANGUAGE_STANDARD = "gnu++20";
				CLANG_ENABLE_MODULES = YES;
				CLANG_ENABLE_OBJC_ARC = YES;
				CLANG_ENABLE_OBJC_WEAK = YES;
				CLANG_WARN_BLOCK_CAPTURE_AUTORELEASING = YES;
				CLANG_WARN_BOOL_CONVERSION = YES;
				CLANG_WARN_COMMA = YES;
				CLANG_WARN_CONSTANT_CONVERSION = YES;
				CLANG_WARN_DEPRECATED_OBJC_IMPLEMENTATIONS = YES;
				CLANG_WARN_DIRECT_OBJC_ISA_USAGE = YES_ERROR;
				CLANG_WARN_DOCUMENTATION_COMMENTS = YES;
				CLANG_WARN_EMPTY_BODY = YES;
				CLANG_WARN_ENUM_CONVERSION = YES;
				CLANG_WARN_INFINITE_RECURSION = YES;
				CLANG_WARN_INT_CONVERSION = YES;
				CLANG_WARN_NON_LITERAL_NULL_CONVERSION = YES;
				CLANG_WARN_OBJC_IMPLICIT_RETAIN_SELF = YES;
				CLANG_WARN_OBJC_LITERAL_CONVERSION = YES;
				CLANG_WARN_OBJC_ROOT_CLASS = YES_ERROR;
				CLANG_WARN_QUOTED_INCLUDE_IN_FRAMEWORK_HEADER = YES;
				CLANG_WARN_RANGE_LOOP_ANALYSIS = YES;
				CLANG_WARN_STRICT_PROTOTYPES = YES;
				CLANG_WARN_SUSPICIOUS_MOVE = YES;
				CLANG_WARN_UNGUARDED_AVAILABILITY = YES_AGGRESSIVE;
				CLANG_WARN_UNREACHABLE_CODE = YES;
				CLANG_WARN__DUPLICATE_METHOD_MATCH = YES;
				COPY_PHASE_STRIP = NO;
				DEBUG_INFORMATION_FORMAT = "dwarf-with-dsym";
				ENABLE_NS_ASSERTIONS = NO;
				ENABLE_STRICT_OBJC_MSGSEND = YES;
				GCC_C_LANGUAGE_STANDARD = gnu11;
				GCC_NO_COMMON_BLOCKS = YES;
				GCC_WARN_64_TO_32_BIT_CONVERSION = YES;
				GCC_WARN_ABOUT_RETURN_TYPE = YES_ERROR;
				GCC_WARN_UNDECLARED_SELECTOR = YES;
				GCC_WARN_UNINITIALIZED_AUTOS = YES_AGGRESSIVE;
				GCC_WARN_UNUSED_FUNCTION = YES;
				GCC_WARN_UNUSED_VARIABLE = YES;
				IPHONEOS_DEPLOYMENT_TARGET = 16.0;
				MTL_ENABLE_DEBUG_INFO = NO;
				MTL_FAST_MATH = YES;
				SDKROOT = iphoneos;
				SWIFT_COMPILATION_MODE = wholemodule;
				SWIFT_OPTIMIZATION_LEVEL = "-O";
				VALIDATE_PRODUCT = YES;
			};
			name = Release;
		};
		22D1351E290B45C500F05905 /* Debug */ = {
			isa = XCBuildConfiguration;
			buildSettings = {
				ASSETCATALOG_COMPILER_APPICON_NAME = AppIcon;
				ASSETCATALOG_COMPILER_GLOBAL_ACCENT_COLOR_NAME = AccentColor;
				ASSETCATALOG_COMPILER_INCLUDE_ALL_APPICON_ASSETS = YES;
				CODE_SIGN_ENTITLEMENTS = Reminder/Reminder.entitlements;
				CODE_SIGN_STYLE = Automatic;
				CURRENT_PROJECT_VERSION = 1;
				DEVELOPMENT_TEAM = 9ARMKSND23;
				GENERATE_INFOPLIST_FILE = YES;
				INFOPLIST_FILE = Reminder/Info.plist;
				INFOPLIST_KEY_CFBundleDisplayName = Remindme;
				INFOPLIST_KEY_UIApplicationSupportsIndirectInputEvents = YES;
				INFOPLIST_KEY_UILaunchStoryboardName = LaunchScreen;
				INFOPLIST_KEY_UISupportedInterfaceOrientations = UIInterfaceOrientationPortrait;
				INFOPLIST_KEY_UISupportedInterfaceOrientations_iPad = "UIInterfaceOrientationLandscapeLeft UIInterfaceOrientationLandscapeRight UIInterfaceOrientationPortrait UIInterfaceOrientationPortraitUpsideDown";
				IPHONEOS_DEPLOYMENT_TARGET = 15.0;
				LD_RUNPATH_SEARCH_PATHS = (
					"$(inherited)",
					"@executable_path/Frameworks",
				);
				MARKETING_VERSION = 1.0;
				PRODUCT_BUNDLE_IDENTIFIER = com.askarov.portfolio.Reminder;
				PRODUCT_NAME = "$(TARGET_NAME)";
				SUPPORTED_PLATFORMS = "iphoneos iphonesimulator";
				SUPPORTS_MACCATALYST = NO;
				SUPPORTS_MAC_DESIGNED_FOR_IPHONE_IPAD = NO;
				SWIFT_EMIT_LOC_STRINGS = YES;
				SWIFT_VERSION = 5.0;
				TARGETED_DEVICE_FAMILY = 1;
			};
			name = Debug;
		};
		22D1351F290B45C500F05905 /* Release */ = {
			isa = XCBuildConfiguration;
			buildSettings = {
				ASSETCATALOG_COMPILER_APPICON_NAME = AppIcon;
				ASSETCATALOG_COMPILER_GLOBAL_ACCENT_COLOR_NAME = AccentColor;
				ASSETCATALOG_COMPILER_INCLUDE_ALL_APPICON_ASSETS = YES;
				CODE_SIGN_ENTITLEMENTS = Reminder/Reminder.entitlements;
				CODE_SIGN_STYLE = Automatic;
				CURRENT_PROJECT_VERSION = 1;
				DEVELOPMENT_TEAM = 9ARMKSND23;
				GENERATE_INFOPLIST_FILE = YES;
				INFOPLIST_FILE = Reminder/Info.plist;
				INFOPLIST_KEY_CFBundleDisplayName = Remindme;
				INFOPLIST_KEY_UIApplicationSupportsIndirectInputEvents = YES;
				INFOPLIST_KEY_UILaunchStoryboardName = LaunchScreen;
				INFOPLIST_KEY_UISupportedInterfaceOrientations = UIInterfaceOrientationPortrait;
				INFOPLIST_KEY_UISupportedInterfaceOrientations_iPad = "UIInterfaceOrientationLandscapeLeft UIInterfaceOrientationLandscapeRight UIInterfaceOrientationPortrait UIInterfaceOrientationPortraitUpsideDown";
				IPHONEOS_DEPLOYMENT_TARGET = 15.0;
				LD_RUNPATH_SEARCH_PATHS = (
					"$(inherited)",
					"@executable_path/Frameworks",
				);
				MARKETING_VERSION = 1.0;
				PRODUCT_BUNDLE_IDENTIFIER = com.askarov.portfolio.Reminder;
				PRODUCT_NAME = "$(TARGET_NAME)";
				SUPPORTED_PLATFORMS = "iphoneos iphonesimulator";
				SUPPORTS_MACCATALYST = NO;
				SUPPORTS_MAC_DESIGNED_FOR_IPHONE_IPAD = NO;
				SWIFT_EMIT_LOC_STRINGS = YES;
				SWIFT_VERSION = 5.0;
				TARGETED_DEVICE_FAMILY = 1;
			};
			name = Release;
		};
		22D13521290B45C500F05905 /* Debug */ = {
			isa = XCBuildConfiguration;
			buildSettings = {
				ALWAYS_EMBED_SWIFT_STANDARD_LIBRARIES = YES;
				BUNDLE_LOADER = "$(TEST_HOST)";
				CODE_SIGN_STYLE = Automatic;
				CURRENT_PROJECT_VERSION = 1;
				DEVELOPMENT_TEAM = 9ARMKSND23;
				GENERATE_INFOPLIST_FILE = YES;
				IPHONEOS_DEPLOYMENT_TARGET = 16.0;
				MARKETING_VERSION = 1.0;
				PRODUCT_BUNDLE_IDENTIFIER = com.askarov.portfolio.ReminderTests;
				PRODUCT_NAME = "$(TARGET_NAME)";
				SWIFT_EMIT_LOC_STRINGS = NO;
				SWIFT_VERSION = 5.0;
				TARGETED_DEVICE_FAMILY = "1,2";
				TEST_HOST = "$(BUILT_PRODUCTS_DIR)/Reminder.app/$(BUNDLE_EXECUTABLE_FOLDER_PATH)/Reminder";
			};
			name = Debug;
		};
		22D13522290B45C500F05905 /* Release */ = {
			isa = XCBuildConfiguration;
			buildSettings = {
				ALWAYS_EMBED_SWIFT_STANDARD_LIBRARIES = YES;
				BUNDLE_LOADER = "$(TEST_HOST)";
				CODE_SIGN_STYLE = Automatic;
				CURRENT_PROJECT_VERSION = 1;
				DEVELOPMENT_TEAM = 9ARMKSND23;
				GENERATE_INFOPLIST_FILE = YES;
				IPHONEOS_DEPLOYMENT_TARGET = 16.0;
				MARKETING_VERSION = 1.0;
				PRODUCT_BUNDLE_IDENTIFIER = com.askarov.portfolio.ReminderTests;
				PRODUCT_NAME = "$(TARGET_NAME)";
				SWIFT_EMIT_LOC_STRINGS = NO;
				SWIFT_VERSION = 5.0;
				TARGETED_DEVICE_FAMILY = "1,2";
				TEST_HOST = "$(BUILT_PRODUCTS_DIR)/Reminder.app/$(BUNDLE_EXECUTABLE_FOLDER_PATH)/Reminder";
			};
			name = Release;
		};
		22D13524290B45C500F05905 /* Debug */ = {
			isa = XCBuildConfiguration;
			buildSettings = {
				ALWAYS_EMBED_SWIFT_STANDARD_LIBRARIES = YES;
				CODE_SIGN_STYLE = Automatic;
				CURRENT_PROJECT_VERSION = 1;
				DEVELOPMENT_TEAM = 9ARMKSND23;
				GENERATE_INFOPLIST_FILE = YES;
				MARKETING_VERSION = 1.0;
				PRODUCT_BUNDLE_IDENTIFIER = com.askarov.portfolio.ReminderUITests;
				PRODUCT_NAME = "$(TARGET_NAME)";
				SWIFT_EMIT_LOC_STRINGS = NO;
				SWIFT_VERSION = 5.0;
				TARGETED_DEVICE_FAMILY = "1,2";
				TEST_TARGET_NAME = Reminder;
			};
			name = Debug;
		};
		22D13525290B45C500F05905 /* Release */ = {
			isa = XCBuildConfiguration;
			buildSettings = {
				ALWAYS_EMBED_SWIFT_STANDARD_LIBRARIES = YES;
				CODE_SIGN_STYLE = Automatic;
				CURRENT_PROJECT_VERSION = 1;
				DEVELOPMENT_TEAM = 9ARMKSND23;
				GENERATE_INFOPLIST_FILE = YES;
				MARKETING_VERSION = 1.0;
				PRODUCT_BUNDLE_IDENTIFIER = com.askarov.portfolio.ReminderUITests;
				PRODUCT_NAME = "$(TARGET_NAME)";
				SWIFT_EMIT_LOC_STRINGS = NO;
				SWIFT_VERSION = 5.0;
				TARGETED_DEVICE_FAMILY = "1,2";
				TEST_TARGET_NAME = Reminder;
			};
			name = Release;
		};
/* End XCBuildConfiguration section */

/* Begin XCConfigurationList section */
		22D134EB290B45C400F05905 /* Build configuration list for PBXProject "Reminder" */ = {
			isa = XCConfigurationList;
			buildConfigurations = (
				22D1351B290B45C500F05905 /* Debug */,
				22D1351C290B45C500F05905 /* Release */,
			);
			defaultConfigurationIsVisible = 0;
			defaultConfigurationName = Release;
		};
		22D1351D290B45C500F05905 /* Build configuration list for PBXNativeTarget "Reminder" */ = {
			isa = XCConfigurationList;
			buildConfigurations = (
				22D1351E290B45C500F05905 /* Debug */,
				22D1351F290B45C500F05905 /* Release */,
			);
			defaultConfigurationIsVisible = 0;
			defaultConfigurationName = Release;
		};
		22D13520290B45C500F05905 /* Build configuration list for PBXNativeTarget "ReminderTests" */ = {
			isa = XCConfigurationList;
			buildConfigurations = (
				22D13521290B45C500F05905 /* Debug */,
				22D13522290B45C500F05905 /* Release */,
			);
			defaultConfigurationIsVisible = 0;
			defaultConfigurationName = Release;
		};
		22D13523290B45C500F05905 /* Build configuration list for PBXNativeTarget "ReminderUITests" */ = {
			isa = XCConfigurationList;
			buildConfigurations = (
				22D13524290B45C500F05905 /* Debug */,
				22D13525290B45C500F05905 /* Release */,
			);
			defaultConfigurationIsVisible = 0;
			defaultConfigurationName = Release;
		};
/* End XCConfigurationList section */

/* Begin XCVersionGroup section */
		22D134FC290B45C400F05905 /* Reminder.xcdatamodeld */ = {
			isa = XCVersionGroup;
			children = (
				22D134FD290B45C400F05905 /* Reminder.xcdatamodel */,
			);
			currentVersion = 22D134FD290B45C400F05905 /* Reminder.xcdatamodel */;
			path = Reminder.xcdatamodeld;
			sourceTree = "<group>";
			versionGroupType = wrapper.xcdatamodel;
		};
/* End XCVersionGroup section */
	};
	rootObject = 22D134E8290B45C400F05905 /* Project object */;
}
